
Microsoft Visual Studio Solution File, Format Version 12.00
# Visual Studio Version 16
VisualStudioVersion = 16.0.29806.167
MinimumVisualStudioVersion = 10.0.40219.1
Project("{8BC9CEB8-8B4A-11D0-8D11-00A0C91BC942}") = "MockSampleVSMicro", "MockSampleVSMicro\MockSampleVSMicro.vcxproj", "{C5F80730-F44F-4478-BDAE-6634EFC2CA88}"
EndProject
Project("{8BC9CEB8-8B4A-11D0-8D11-00A0C91BC942}") = "MockTestFakeItProject", "MockTestFakeItProject\MockTestFakeItProject.vcxproj", "{643D54F5-0104-4BC7-87CF-775860C39A71}"
EndProject
Project("{8BC9CEB8-8B4A-11D0-8D11-00A0C91BC942}") = "GarageMonitorSystem_Test", "UnitTest1\UnitTest1.vcxproj", "{D53C51BA-0E52-4850-96AA-0EC3F2D582FE}"
EndProject
Project("{8BC9CEB8-8B4A-11D0-8D11-00A0C91BC942}") = "GarageMonitorSystem", "GarageMonitorSystem\GarageMonitorSystem.vcxproj", "{6903ED60-E4A8-4714-8959-216209EABA6E}"
EndProject
Global
	GlobalSection(SolutionConfigurationPlatforms) = preSolution
		Debug|x64 = Debug|x64
		Debug|x86 = Debug|x86
		Release|x64 = Release|x64
		Release|x86 = Release|x86
	EndGlobalSection
	GlobalSection(ProjectConfigurationPlatforms) = postSolution
		{C5F80730-F44F-4478-BDAE-6634EFC2CA88}.Debug|x64.ActiveCfg = Debug|Win32
		{C5F80730-F44F-4478-BDAE-6634EFC2CA88}.Debug|x86.ActiveCfg = Debug|Win32
		{C5F80730-F44F-4478-BDAE-6634EFC2CA88}.Debug|x86.Build.0 = Debug|Win32
		{C5F80730-F44F-4478-BDAE-6634EFC2CA88}.Release|x64.ActiveCfg = Release|Win32
		{C5F80730-F44F-4478-BDAE-6634EFC2CA88}.Release|x86.ActiveCfg = Release|Win32
		{C5F80730-F44F-4478-BDAE-6634EFC2CA88}.Release|x86.Build.0 = Release|Win32
		{643D54F5-0104-4BC7-87CF-775860C39A71}.Debug|x64.ActiveCfg = Debug|x64
		{643D54F5-0104-4BC7-87CF-775860C39A71}.Debug|x64.Build.0 = Debug|x64
		{643D54F5-0104-4BC7-87CF-775860C39A71}.Debug|x86.ActiveCfg = Debug|Win32
		{643D54F5-0104-4BC7-87CF-775860C39A71}.Debug|x86.Build.0 = Debug|Win32
		{643D54F5-0104-4BC7-87CF-775860C39A71}.Release|x64.ActiveCfg = Release|x64
		{643D54F5-0104-4BC7-87CF-775860C39A71}.Release|x64.Build.0 = Release|x64
		{643D54F5-0104-4BC7-87CF-775860C39A71}.Release|x86.ActiveCfg = Release|Win32
		{643D54F5-0104-4BC7-87CF-775860C39A71}.Release|x86.Build.0 = Release|Win32
		{D53C51BA-0E52-4850-96AA-0EC3F2D582FE}.Debug|x64.ActiveCfg = Debug|x64
		{D53C51BA-0E52-4850-96AA-0EC3F2D582FE}.Debug|x64.Build.0 = Debug|x64
		{D53C51BA-0E52-4850-96AA-0EC3F2D582FE}.Debug|x86.ActiveCfg = Debug|Win32
		{D53C51BA-0E52-4850-96AA-0EC3F2D582FE}.Debug|x86.Build.0 = Debug|Win32
		{D53C51BA-0E52-4850-96AA-0EC3F2D582FE}.Release|x64.ActiveCfg = Release|x64
		{D53C51BA-0E52-4850-96AA-0EC3F2D582FE}.Release|x64.Build.0 = Release|x64
		{D53C51BA-0E52-4850-96AA-0EC3F2D582FE}.Release|x86.ActiveCfg = Release|Win32
		{D53C51BA-0E52-4850-96AA-0EC3F2D582FE}.Release|x86.Build.0 = Release|Win32
		{6903ED60-E4A8-4714-8959-216209EABA6E}.Debug|x64.ActiveCfg = Debug|Win32
		{6903ED60-E4A8-4714-8959-216209EABA6E}.Debug|x86.ActiveCfg = Debug|Win32
		{6903ED60-E4A8-4714-8959-216209EABA6E}.Release|x64.ActiveCfg = Release|Win32
		{6903ED60-E4A8-4714-8959-216209EABA6E}.Release|x86.ActiveCfg = Release|Win32
		{6903ED60-E4A8-4714-8959-216209EABA6E}.Release|x86.Build.0 = Release|Win32
	EndGlobalSection
	GlobalSection(SolutionProperties) = preSolution
		HideSolutionNode = FALSE
	EndGlobalSection
	GlobalSection(ExtensibilityGlobals) = postSolution
		SolutionGuid = {FEE39E50-920C-4713-ABAA-FED2DDC70EBA}
	EndGlobalSection
EndGlobal
