<?xml version="1.0" encoding="utf-8"?>
<Project ToolsVersion="4.0" xmlns="http://schemas.microsoft.com/developer/msbuild/2003">
  <ItemGroup>
    <ClCompile Include="src\programStates.cpp">
      <Filter>dto</Filter>
    </ClCompile>
    <ClCompile Include="src\waterSensorActivity.cpp">
      <Filter>activity</Filter>
    </ClCompile>
    <ClCompile Include="src\modules\waterSensor.cpp">
      <Filter>sensors</Filter>
    </ClCompile>
    <ClCompile Include="src\modules\microInterface.cpp">
      <Filter>connectors</Filter>
    </ClCompile>
    <ClCompile Include="src\sensor.cpp">
      <Filter>base</Filter>
    </ClCompile>
    <ClCompile Include="..\..\Libraries\LSG_Utils\MySim900.cpp" />
  </ItemGroup>
  <ItemGroup>
    <ClInclude Include="__vm\.MockSampleVSMicro.vsarduino.h" />
    <ClInclude Include="src\programStates.h">
      <Filter>dto</Filter>
    </ClInclude>
    <ClInclude Include="src\waterSensorActivity.h">
      <Filter>activity</Filter>
    </ClInclude>
    <ClInclude Include="src\modules\waterSensor.h">
      <Filter>sensors</Filter>
    </ClInclude>
    <ClInclude Include="src\modules\microInterface.h">
      <Filter>connectors</Filter>
    </ClInclude>
    <ClInclude Include="__vm\.GarageMonitorSystem.vsarduino.h" />
    <ClInclude Include="src\sensor.h">
      <Filter>base</Filter>
    </ClInclude>
    <ClInclude Include="..\..\Libraries\LSG_Utils\MySim900.h" />
  </ItemGroup>
  <ItemGroup>
    <None Include="GarageMonitorSystem.ino" />
    <None Include="src\arduino folders read me.txt" />
  </ItemGroup>
  <ItemGroup>
    <Filter Include="dto">
      <UniqueIdentifier>{884b90b1-1f85-4fd9-8125-bb9772e8d0c6}</UniqueIdentifier>
    </Filter>
    <Filter Include="activity">
      <UniqueIdentifier>{8242572c-882c-483d-8a8f-9c9b3b00b797}</UniqueIdentifier>
    </Filter>
    <Filter Include="sensors">
      <UniqueIdentifier>{9610ac3c-a553-454c-9434-ddb7f3b92ab1}</UniqueIdentifier>
    </Filter>
    <Filter Include="connectors">
      <UniqueIdentifier>{0976663d-2a45-4b4a-849b-51eae28af497}</UniqueIdentifier>
    </Filter>
    <Filter Include="base">
      <UniqueIdentifier>{d06bf669-3438-45d2-afa5-1d1bcc1be25d}</UniqueIdentifier>
    </Filter>
  </ItemGroup>
</Project>