<?xml version="1.0" encoding="utf-8"?>
<Project ToolsVersion="4.0" xmlns="http://schemas.microsoft.com/developer/msbuild/2003">
  <ItemGroup>
    <ClCompile Include="src\programStates.cpp">
      <Filter>dto</Filter>
    </ClCompile>
    <ClCompile Include="src\modules\waterSensor.cpp">
      <Filter>sensors</Filter>
    </ClCompile>
    <ClCompile Include="..\..\Libraries\LSG_Utils\MySim900.cpp" />
    <ClCompile Include="src\waterSensorActivity.cpp">
      <Filter>activity\waterSensor</Filter>
    </ClCompile>
    <ClCompile Include="src\modules\microInterface.cpp">
      <Filter>connectors\base</Filter>
    </ClCompile>
    <ClCompile Include="microInterfaceWaterSensor.cpp">
      <Filter>connectors\microInterfaceWaterSensor</Filter>
    </ClCompile>
    <ClCompile Include="src\sensor.cpp">
      <Filter>base\sensor</Filter>
    </ClCompile>
    <ClCompile Include="SerialDevice.cpp">
      <Filter>base\device</Filter>
    </ClCompile>
    <ClCompile Include="SimDevice.cpp">
      <Filter>devices</Filter>
    </ClCompile>
  </ItemGroup>
  <ItemGroup>
    <ClInclude Include="__vm\.MockSampleVSMicro.vsarduino.h" />
    <ClInclude Include="src\programStates.h">
      <Filter>dto</Filter>
    </ClInclude>
    <ClInclude Include="src\modules\waterSensor.h">
      <Filter>sensors</Filter>
    </ClInclude>
    <ClInclude Include="__vm\.GarageMonitorSystem.vsarduino.h" />
    <ClInclude Include="..\..\Libraries\LSG_Utils\MySim900.h" />
    <ClInclude Include="src\waterSensorActivity.h">
      <Filter>activity\waterSensor</Filter>
    </ClInclude>
    <ClInclude Include="src\modules\microInterface.h">
      <Filter>connectors\base</Filter>
    </ClInclude>
    <ClInclude Include="microInterfaceWaterSensor.h">
      <Filter>connectors\microInterfaceWaterSensor</Filter>
    </ClInclude>
    <ClInclude Include="src\sensor.h">
      <Filter>base\sensor</Filter>
    </ClInclude>
    <ClInclude Include="SerialDevice.h">
      <Filter>base\device</Filter>
    </ClInclude>
    <ClInclude Include="SimDevice.h">
      <Filter>devices</Filter>
    </ClInclude>
  </ItemGroup>
  <ItemGroup>
    <None Include="GarageMonitorSystem.ino" />
    <None Include="src\arduino folders read me.txt" />
  </ItemGroup>
  <ItemGroup>
    <Filter Include="dto">
      <UniqueIdentifier>{884b90b1-1f85-4fd9-8125-bb9772e8d0c6}</UniqueIdentifier>
    </Filter>
    <Filter Include="activity">
      <UniqueIdentifier>{8242572c-882c-483d-8a8f-9c9b3b00b797}</UniqueIdentifier>
    </Filter>
    <Filter Include="sensors">
      <UniqueIdentifier>{9610ac3c-a553-454c-9434-ddb7f3b92ab1}</UniqueIdentifier>
    </Filter>
    <Filter Include="connectors">
      <UniqueIdentifier>{0976663d-2a45-4b4a-849b-51eae28af497}</UniqueIdentifier>
    </Filter>
    <Filter Include="base">
      <UniqueIdentifier>{d06bf669-3438-45d2-afa5-1d1bcc1be25d}</UniqueIdentifier>
    </Filter>
    <Filter Include="activity\waterSensor">
      <UniqueIdentifier>{f0b8e8da-54e1-4629-a2f9-7a26edbaaa21}</UniqueIdentifier>
    </Filter>
    <Filter Include="connectors\base">
      <UniqueIdentifier>{ecb1347b-26bf-44e0-b234-406f3ba677ab}</UniqueIdentifier>
    </Filter>
    <Filter Include="activity\sim">
      <UniqueIdentifier>{c6a3a041-7893-4fda-8fae-75501a448efd}</UniqueIdentifier>
    </Filter>
    <Filter Include="connectors\microInterfaceWaterSensor">
      <UniqueIdentifier>{119ba314-7b42-490d-ae73-68aabd324bc7}</UniqueIdentifier>
    </Filter>
    <Filter Include="connectors\microInterfaceSim">
      <UniqueIdentifier>{d3b875b9-44e2-40ab-b6f2-e575b86e3d50}</UniqueIdentifier>
    </Filter>
    <Filter Include="base\sensor">
      <UniqueIdentifier>{6d0c0543-5ba6-4c38-acc6-e102662ca243}</UniqueIdentifier>
    </Filter>
    <Filter Include="base\device">
      <UniqueIdentifier>{2491c3e8-cbe6-46d2-be49-d6168c4ff22b}</UniqueIdentifier>
    </Filter>
    <Filter Include="devices">
      <UniqueIdentifier>{6c18c07e-39ac-411a-af59-4822afce3452}</UniqueIdentifier>
    </Filter>
  </ItemGroup>
</Project>